
Microsoft Visual Studio Solution File, Format Version 12.00
# Visual Studio 14
VisualStudioVersion = 14.0.25123.0
MinimumVisualStudioVersion = 10.0.40219.1
Project("{FAE04EC0-301F-11D3-BF4B-00C04F79EFBC}") = "BlogService.Web", "BlogService.Web\BlogService.Web.csproj", "{138E137A-9593-4BED-9538-D9391C4EF2E9}"
EndProject
Project("{FAE04EC0-301F-11D3-BF4B-00C04F79EFBC}") = "BlogService.SelfHost", "BlogService.SelfHost\BlogService.SelfHost.csproj", "{4E97B44A-2D0B-4739-8941-A981330342F2}"
EndProject
Project("{FAE04EC0-301F-11D3-BF4B-00C04F79EFBC}") = "BlogService.Api.Tests", "BlogService.Api.Tests\BlogService.Api.Tests.csproj", "{F4D7E6D5-0851-4D8C-879A-CABB4A6F8D50}"
EndProject
Project("{FAE04EC0-301F-11D3-BF4B-00C04F79EFBC}") = "BlogService.IISHost", "BlogService.IISHost\BlogService.IISHost.csproj", "{FA2A1B5F-36CC-4BF5-B9CB-6AF957ADC64B}"
EndProject
Project("{FAE04EC0-301F-11D3-BF4B-00C04F79EFBC}") = "BlogService.Api", "BlogService.Api\BlogService.Api.csproj", "{A16E967D-BC05-459F-89EE-F62F6E84C59C}"
EndProject
Global
	GlobalSection(SolutionConfigurationPlatforms) = preSolution
		Debug|Any CPU = Debug|Any CPU
		Release|Any CPU = Release|Any CPU
	EndGlobalSection
	GlobalSection(ProjectConfigurationPlatforms) = postSolution
		{138E137A-9593-4BED-9538-D9391C4EF2E9}.Debug|Any CPU.ActiveCfg = Debug|Any CPU
		{138E137A-9593-4BED-9538-D9391C4EF2E9}.Debug|Any CPU.Build.0 = Debug|Any CPU
		{138E137A-9593-4BED-9538-D9391C4EF2E9}.Release|Any CPU.ActiveCfg = Release|Any CPU
		{138E137A-9593-4BED-9538-D9391C4EF2E9}.Release|Any CPU.Build.0 = Release|Any CPU
		{4E97B44A-2D0B-4739-8941-A981330342F2}.Debug|Any CPU.ActiveCfg = Debug|Any CPU
		{4E97B44A-2D0B-4739-8941-A981330342F2}.Debug|Any CPU.Build.0 = Debug|Any CPU
		{4E97B44A-2D0B-4739-8941-A981330342F2}.Release|Any CPU.ActiveCfg = Release|Any CPU
		{4E97B44A-2D0B-4739-8941-A981330342F2}.Release|Any CPU.Build.0 = Release|Any CPU
		{F4D7E6D5-0851-4D8C-879A-CABB4A6F8D50}.Debug|Any CPU.ActiveCfg = Debug|Any CPU
		{F4D7E6D5-0851-4D8C-879A-CABB4A6F8D50}.Debug|Any CPU.Build.0 = Debug|Any CPU
		{F4D7E6D5-0851-4D8C-879A-CABB4A6F8D50}.Release|Any CPU.ActiveCfg = Release|Any CPU
		{F4D7E6D5-0851-4D8C-879A-CABB4A6F8D50}.Release|Any CPU.Build.0 = Release|Any CPU
		{FA2A1B5F-36CC-4BF5-B9CB-6AF957ADC64B}.Debug|Any CPU.ActiveCfg = Debug|Any CPU
		{FA2A1B5F-36CC-4BF5-B9CB-6AF957ADC64B}.Debug|Any CPU.Build.0 = Debug|Any CPU
		{FA2A1B5F-36CC-4BF5-B9CB-6AF957ADC64B}.Release|Any CPU.ActiveCfg = Release|Any CPU
		{FA2A1B5F-36CC-4BF5-B9CB-6AF957ADC64B}.Release|Any CPU.Build.0 = Release|Any CPU
		{A16E967D-BC05-459F-89EE-F62F6E84C59C}.Debug|Any CPU.ActiveCfg = Debug|Any CPU
		{A16E967D-BC05-459F-89EE-F62F6E84C59C}.Debug|Any CPU.Build.0 = Debug|Any CPU
		{A16E967D-BC05-459F-89EE-F62F6E84C59C}.Release|Any CPU.ActiveCfg = Release|Any CPU
		{A16E967D-BC05-459F-89EE-F62F6E84C59C}.Release|Any CPU.Build.0 = Release|Any CPU
	EndGlobalSection
	GlobalSection(SolutionProperties) = preSolution
		HideSolutionNode = FALSE
	EndGlobalSection
EndGlobal
